
Microsoft Visual Studio Solution File, Format Version 12.00
# Visual Studio Version 16
VisualStudioVersion = 16.0.30320.27
MinimumVisualStudioVersion = 10.0.40219.1
Project("{FAE04EC0-301F-11D3-BF4B-00C04F79EFBC}") = "ApolloDemo", "ApolloDemo\ApolloDemo.csproj", "{6956F887-DE78-4F5C-BB7E-4F1019703693}"
EndProject
Global
	GlobalSection(SolutionConfigurationPlatforms) = preSolution
		Debug|Any CPU = Debug|Any CPU
		Release|Any CPU = Release|Any CPU
	EndGlobalSection
	GlobalSection(ProjectConfigurationPlatforms) = postSolution
		{6956F887-DE78-4F5C-BB7E-4F1019703693}.Debug|Any CPU.ActiveCfg = Debug|Any CPU
		{6956F887-DE78-4F5C-BB7E-4F1019703693}.Debug|Any CPU.Build.0 = Debug|Any CPU
		{6956F887-DE78-4F5C-BB7E-4F1019703693}.Release|Any CPU.ActiveCfg = Release|Any CPU
		{6956F887-DE78-4F5C-BB7E-4F1019703693}.Release|Any CPU.Build.0 = Release|Any CPU
	EndGlobalSection
	GlobalSection(SolutionProperties) = preSolution
		HideSolutionNode = FALSE
	EndGlobalSection
	GlobalSection(ExtensibilityGlobals) = postSolution
		SolutionGuid = {2E3F3CAC-CA3F-4549-BEF0-72148775D1EA}
	EndGlobalSection
EndGlobal
